
Microsoft Visual Studio Solution File, Format Version 12.00
# Visual Studio Version 17
VisualStudioVersion = 17.5.33516.290
MinimumVisualStudioVersion = 10.0.40219.1
Project("{FAE04EC0-301F-11D3-BF4B-00C04F79EFBC}") = "WinccPieChart", "WinccPieChart.csproj", "{02113663-ACE0-47F9-9C76-19D496B71C16}"
EndProject
Global
	GlobalSection(SolutionConfigurationPlatforms) = preSolution
		Debug|Any CPU = Debug|Any CPU
		Release|Any CPU = Release|Any CPU
	EndGlobalSection
	GlobalSection(ProjectConfigurationPlatforms) = postSolution
		{02113663-ACE0-47F9-9C76-19D496B71C16}.Debug|Any CPU.ActiveCfg = Debug|Any CPU
		{02113663-ACE0-47F9-9C76-19D496B71C16}.Debug|Any CPU.Build.0 = Debug|Any CPU
		{02113663-ACE0-47F9-9C76-19D496B71C16}.Release|Any CPU.ActiveCfg = Release|Any CPU
		{02113663-ACE0-47F9-9C76-19D496B71C16}.Release|Any CPU.Build.0 = Release|Any CPU
	EndGlobalSection
	GlobalSection(SolutionProperties) = preSolution
		HideSolutionNode = FALSE
	EndGlobalSection
	GlobalSection(ExtensibilityGlobals) = postSolution
		SolutionGuid = {7E39C8B9-BEB8-4A04-8D04-589A82B2DB62}
	EndGlobalSection
EndGlobal
